version: 1.0
shards:
  any_hash:
    github: Sija/any_hash.cr
    version: 0.2.3

  db:
    github: crystal-lang/crystal-db
    version: 0.7.0

  git:
    github: smacker/libgit2.cr
    commit: 3426bf335e0970852e300f7602cf6e8dd21d0867

  github-cr:
    github: arnavb/github-cr
    commit: 119df4c747a81260b37af0878b24eab9345a94f4

  pg:
    github: will/crystal-pg
    version: 0.19.0

  raven:
    github: Sija/raven.cr
    version: 1.5.1

  shardbox-core:
    github: shardbox/shardbox-core
    commit: c6e846fee09c95c20d19f31e85449c6171997310

  shards:
    github: crystal-lang/shards
    commit: 43ae0adbad8d07776139b55ac69a3819008518cb

  taskmaster:
    github: straight-shoota/taskmaster
    commit: b2ef6a93ab5f85e2412aad5e1385563228e5fa06

