version: 1.0
shards:
  any_hash:
    github: Sija/any_hash.cr
    version: 0.2.3

  db:
    github: crystal-lang/crystal-db
    version: 0.8.0

  git:
    github: smacker/libgit2.cr
    commit: 3426bf335e0970852e300f7602cf6e8dd21d0867

  github-cr:
    github: arnavb/github-cr
    commit: 119df4c747a81260b37af0878b24eab9345a94f4

  pg:
    github: will/crystal-pg
    version: 0.20.0

  raven:
    github: Sija/raven.cr
    version: 1.5.5

  shardbox-core:
    github: shardbox/shardbox-core
    commit: 2893609c073a9d8cfa8c6d6aa62f779a8e02c6a3

  shards:
    github: crystal-lang/shards
    commit: 35303e1232f150677a5ff0e1713ced9171ee928a

